
Microsoft Visual Studio Solution File, Format Version 12.00
# Visual Studio Version 17
VisualStudioVersion = 17.0.31903.59
MinimumVisualStudioVersion = 10.0.40219.1
Project("{FAE04EC0-301F-11D3-BF4B-00C04F79EFBC}") = "sqltest", "sqltest\sqltest.csproj", "{F089E9A0-054A-4F26-9ADE-CBB7642F8374}"
EndProject
Global
	GlobalSection(SolutionConfigurationPlatforms) = preSolution
		Debug|Any CPU = Debug|Any CPU
		Release|Any CPU = Release|Any CPU
	EndGlobalSection
	GlobalSection(ProjectConfigurationPlatforms) = postSolution
		{F089E9A0-054A-4F26-9ADE-CBB7642F8374}.Debug|Any CPU.ActiveCfg = Debug|Any CPU
		{F089E9A0-054A-4F26-9ADE-CBB7642F8374}.Debug|Any CPU.Build.0 = Debug|Any CPU
		{F089E9A0-054A-4F26-9ADE-CBB7642F8374}.Release|Any CPU.ActiveCfg = Release|Any CPU
		{F089E9A0-054A-4F26-9ADE-CBB7642F8374}.Release|Any CPU.Build.0 = Release|Any CPU
	EndGlobalSection
	GlobalSection(SolutionProperties) = preSolution
		HideSolutionNode = FALSE
	EndGlobalSection
	GlobalSection(ExtensibilityGlobals) = postSolution
		SolutionGuid = {ED954073-EE25-45D5-9EF1-5829D71161BB}
	EndGlobalSection
EndGlobal
