
Microsoft Visual Studio Solution File, Format Version 12.00
# Visual Studio Version 17
VisualStudioVersion = 17.2.32630.192
MinimumVisualStudioVersion = 10.0.40219.1
Project("{FAE04EC0-301F-11D3-BF4B-00C04F79EFBC}") = "2.Opgave-BetteLommeregner", "2.Opgave-BetteLommeregner\2.Opgave-BetteLommeregner.csproj", "{4E9CE8E9-6ECA-4E24-A6B7-5D20B7B22681}"
EndProject
Global
	GlobalSection(SolutionConfigurationPlatforms) = preSolution
		Debug|Any CPU = Debug|Any CPU
		Release|Any CPU = Release|Any CPU
	EndGlobalSection
	GlobalSection(ProjectConfigurationPlatforms) = postSolution
		{4E9CE8E9-6ECA-4E24-A6B7-5D20B7B22681}.Debug|Any CPU.ActiveCfg = Debug|Any CPU
		{4E9CE8E9-6ECA-4E24-A6B7-5D20B7B22681}.Debug|Any CPU.Build.0 = Debug|Any CPU
		{4E9CE8E9-6ECA-4E24-A6B7-5D20B7B22681}.Release|Any CPU.ActiveCfg = Release|Any CPU
		{4E9CE8E9-6ECA-4E24-A6B7-5D20B7B22681}.Release|Any CPU.Build.0 = Release|Any CPU
	EndGlobalSection
	GlobalSection(SolutionProperties) = preSolution
		HideSolutionNode = FALSE
	EndGlobalSection
	GlobalSection(ExtensibilityGlobals) = postSolution
		SolutionGuid = {4CBC014C-06B7-4F6A-AF6F-D879CB2A8F4F}
	EndGlobalSection
EndGlobal
